
Microsoft Visual Studio Solution File, Format Version 12.00
# Visual Studio Version 16
VisualStudioVersion = 16.0.30517.126
MinimumVisualStudioVersion = 10.0.40219.1
Project("{9A19103F-16F7-4668-BE54-9A1E7A4F7556}") = "Oblig2", "Oblig2\Oblig2.csproj", "{FCC36106-DFB2-42CD-A47A-748666E1F177}"
EndProject
Project("{FAE04EC0-301F-11D3-BF4B-00C04F79EFBC}") = "ProductionUnitTest", "BlogControllerTest\ProductionUnitTest.csproj", "{8AB5F77C-7D95-4D5B-8EB0-173A74766070}"
EndProject
Global
	GlobalSection(SolutionConfigurationPlatforms) = preSolution
		Debug|Any CPU = Debug|Any CPU
		Release|Any CPU = Release|Any CPU
	EndGlobalSection
	GlobalSection(ProjectConfigurationPlatforms) = postSolution
		{FCC36106-DFB2-42CD-A47A-748666E1F177}.Debug|Any CPU.ActiveCfg = Debug|Any CPU
		{FCC36106-DFB2-42CD-A47A-748666E1F177}.Debug|Any CPU.Build.0 = Debug|Any CPU
		{FCC36106-DFB2-42CD-A47A-748666E1F177}.Release|Any CPU.ActiveCfg = Release|Any CPU
		{FCC36106-DFB2-42CD-A47A-748666E1F177}.Release|Any CPU.Build.0 = Release|Any CPU
		{8AB5F77C-7D95-4D5B-8EB0-173A74766070}.Debug|Any CPU.ActiveCfg = Debug|Any CPU
		{8AB5F77C-7D95-4D5B-8EB0-173A74766070}.Debug|Any CPU.Build.0 = Debug|Any CPU
		{8AB5F77C-7D95-4D5B-8EB0-173A74766070}.Release|Any CPU.ActiveCfg = Release|Any CPU
		{8AB5F77C-7D95-4D5B-8EB0-173A74766070}.Release|Any CPU.Build.0 = Release|Any CPU
	EndGlobalSection
	GlobalSection(SolutionProperties) = preSolution
		HideSolutionNode = FALSE
	EndGlobalSection
	GlobalSection(ExtensibilityGlobals) = postSolution
		SolutionGuid = {02BE717E-B776-42CF-84CE-ADC382468940}
	EndGlobalSection
EndGlobal
